# THIS IS AN AUTOGENERATED FILE. DO NOT EDIT THIS FILE DIRECTLY.
# yarn lockfile v1


"@coreui/icons@^3.0.1":
  version "3.0.1"
  resolved "https://registry.yarnpkg.com/@coreui/icons/-/icons-3.0.1.tgz#a6b77a3d3578a59b08474fbfe29de0ebc5ea4c80"
  integrity sha512-u9UKEcRMyY9pa4jUoLij8pAR03g5g6TLWV33/Mx2ix8sffyi0eO4fLV8DSTQljDCw938zt7KYog5cVKEAJUxxg==

bootstrap-icons@^1.11.3:
  version "1.11.3"
  resolved "https://registry.yarnpkg.com/bootstrap-icons/-/bootstrap-icons-1.11.3.tgz#03f9cb754ec005c52f9ee616e2e84a82cab3084b"
  integrity sha512-+3lpHrCw/it2/7lBL15VR0HEumaBss0+f/Lb6ZvHISn1mlK83jjFpooTLsMWbIjJMDjDjOExMsTxnXSIT4k4ww==

react-icons@^5.4.0:
  version "5.4.0"
  resolved "https://registry.yarnpkg.com/react-icons/-/react-icons-5.4.0.tgz#443000f6e5123ee1b21ea8c0a716f6e7797f7416"
  integrity sha512-7eltJxgVt7X64oHh6wSWNwwbKTCtMfK35hcjvJS0yxEAhPM8oUKdS3+kqaW1vicIltw+kR2unHaa12S9pPALoQ==
